// !$*UTF8*$!
{
	archiveVersion = 1;
	classes = {
	};
	objectVersion = 55;
	objects = {

/* Begin PBXBuildFile section */
		FCD2587127CED9E90021E664 /* AppDelegate.swift in Sources */ = {isa = PBXBuildFile; fileRef = FCD2587027CED9E90021E664 /* AppDelegate.swift */; };
		FCD2587327CED9E90021E664 /* SceneDelegate.swift in Sources */ = {isa = PBXBuildFile; fileRef = FCD2587227CED9E90021E664 /* SceneDelegate.swift */; };
		FCD2587527CED9E90021E664 /* ViewController.swift in Sources */ = {isa = PBXBuildFile; fileRef = FCD2587427CED9E90021E664 /* ViewController.swift */; };
		FCD2587827CED9E90021E664 /* Main.storyboard in Resources */ = {isa = PBXBuildFile; fileRef = FCD2587627CED9E90021E664 /* Main.storyboard */; };
		FCD2587A27CED9EB0021E664 /* Assets.xcassets in Resources */ = {isa = PBXBuildFile; fileRef = FCD2587927CED9EB0021E664 /* Assets.xcassets */; };
		FCD2587D27CED9EB0021E664 /* LaunchScreen.storyboard in Resources */ = {isa = PBXBuildFile; fileRef = FCD2587B27CED9EB0021E664 /* LaunchScreen.storyboard */; };
		FCD2588527CEFBE40021E664 /* Constants.swift in Sources */ = {isa = PBXBuildFile; fileRef = FCD2588427CEFBE40021E664 /* Constants.swift */; };
		FCD2588727CEFE8C0021E664 /* Video.swift in Sources */ = {isa = PBXBuildFile; fileRef = FCD2588627CEFE8C0021E664 /* Video.swift */; };
		FCD2588927CF00E50021E664 /* Model.swift in Sources */ = {isa = PBXBuildFile; fileRef = FCD2588827CF00E50021E664 /* Model.swift */; };
		FCD2588B27CF423B0021E664 /* Response.swift in Sources */ = {isa = PBXBuildFile; fileRef = FCD2588A27CF423B0021E664 /* Response.swift */; };
/* End PBXBuildFile section */

/* Begin PBXFileReference section */
		FCD2586D27CED9E90021E664 /* Youtube-IOS.app */ = {isa = PBXFileReference; explicitFileType = wrapper.application; includeInIndex = 0; path = "Youtube-IOS.app"; sourceTree = BUILT_PRODUCTS_DIR; };
		FCD2587027CED9E90021E664 /* AppDelegate.swift */ = {isa = PBXFileReference; lastKnownFileType = sourcecode.swift; path = AppDelegate.swift; sourceTree = "<group>"; };
		FCD2587227CED9E90021E664 /* SceneDelegate.swift */ = {isa = PBXFileReference; lastKnownFileType = sourcecode.swift; path = SceneDelegate.swift; sourceTree = "<group>"; };
		FCD2587427CED9E90021E664 /* ViewController.swift */ = {isa = PBXFileReference; lastKnownFileType = sourcecode.swift; path = ViewController.swift; sourceTree = "<group>"; };
		FCD2587727CED9E90021E664 /* Base */ = {isa = PBXFileReference; lastKnownFileType = file.storyboard; name = Base; path = Base.lproj/Main.storyboard; sourceTree = "<group>"; };
		FCD2587927CED9EB0021E664 /* Assets.xcassets */ = {isa = PBXFileReference; lastKnownFileType = folder.assetcatalog; path = Assets.xcassets; sourceTree = "<group>"; };
		FCD2587C27CED9EB0021E664 /* Base */ = {isa = PBXFileReference; lastKnownFileType = file.storyboard; name = Base; path = Base.lproj/LaunchScreen.storyboard; sourceTree = "<group>"; };
		FCD2587E27CED9EB0021E664 /* Info.plist */ = {isa = PBXFileReference; lastKnownFileType = text.plist.xml; path = Info.plist; sourceTree = "<group>"; };
		FCD2588427CEFBE40021E664 /* Constants.swift */ = {isa = PBXFileReference; lastKnownFileType = sourcecode.swift; path = Constants.swift; sourceTree = "<group>"; };
		FCD2588627CEFE8C0021E664 /* Video.swift */ = {isa = PBXFileReference; lastKnownFileType = sourcecode.swift; path = Video.swift; sourceTree = "<group>"; };
		FCD2588827CF00E50021E664 /* Model.swift */ = {isa = PBXFileReference; lastKnownFileType = sourcecode.swift; path = Model.swift; sourceTree = "<group>"; };
		FCD2588A27CF423B0021E664 /* Response.swift */ = {isa = PBXFileReference; lastKnownFileType = sourcecode.swift; path = Response.swift; sourceTree = "<group>"; };
/* End PBXFileReference section */

/* Begin PBXFrameworksBuildPhase section */
		FCD2586A27CED9E90021E664 /* Frameworks */ = {
			isa = PBXFrameworksBuildPhase;
			buildActionMask = 2147483647;
			files = (
			);
			runOnlyForDeploymentPostprocessing = 0;
		};
/* End PBXFrameworksBuildPhase section */

/* Begin PBXGroup section */
		FCD2586427CED9E90021E664 = {
			isa = PBXGroup;
			children = (
				FCD2586F27CED9E90021E664 /* Youtube-IOS */,
				FCD2586E27CED9E90021E664 /* Products */,
			);
			sourceTree = "<group>";
		};
		FCD2586E27CED9E90021E664 /* Products */ = {
			isa = PBXGroup;
			children = (
				FCD2586D27CED9E90021E664 /* Youtube-IOS.app */,
			);
			name = Products;
			sourceTree = "<group>";
		};
		FCD2586F27CED9E90021E664 /* Youtube-IOS */ = {
			isa = PBXGroup;
			children = (
				FCD2587027CED9E90021E664 /* AppDelegate.swift */,
				FCD2587227CED9E90021E664 /* SceneDelegate.swift */,
				FCD2587627CED9E90021E664 /* Main.storyboard */,
				FCD2587927CED9EB0021E664 /* Assets.xcassets */,
				FCD2587B27CED9EB0021E664 /* LaunchScreen.storyboard */,
				FCD2587427CED9E90021E664 /* ViewController.swift */,
				FCD2587E27CED9EB0021E664 /* Info.plist */,
				FCD2588827CF00E50021E664 /* Model.swift */,
				FCD2588427CEFBE40021E664 /* Constants.swift */,
				FCD2588627CEFE8C0021E664 /* Video.swift */,
				FCD2588A27CF423B0021E664 /* Response.swift */,
			);
			path = "Youtube-IOS";
			sourceTree = "<group>";
		};
/* End PBXGroup section */

/* Begin PBXNativeTarget section */
		FCD2586C27CED9E90021E664 /* Youtube-IOS */ = {
			isa = PBXNativeTarget;
			buildConfigurationList = FCD2588127CED9EB0021E664 /* Build configuration list for PBXNativeTarget "Youtube-IOS" */;
			buildPhases = (
				FCD2586927CED9E90021E664 /* Sources */,
				FCD2586A27CED9E90021E664 /* Frameworks */,
				FCD2586B27CED9E90021E664 /* Resources */,
			);
			buildRules = (
			);
			dependencies = (
			);
			name = "Youtube-IOS";
			productName = "Youtube-IOS";
			productReference = FCD2586D27CED9E90021E664 /* Youtube-IOS.app */;
			productType = "com.apple.product-type.application";
		};
/* End PBXNativeTarget section */

/* Begin PBXProject section */
		FCD2586527CED9E90021E664 /* Project object */ = {
			isa = PBXProject;
			attributes = {
				BuildIndependentTargetsInParallel = 1;
				LastSwiftUpdateCheck = 1320;
				LastUpgradeCheck = 1320;
				TargetAttributes = {
					FCD2586C27CED9E90021E664 = {
						CreatedOnToolsVersion = 13.2.1;
					};
				};
			};
			buildConfigurationList = FCD2586827CED9E90021E664 /* Build configuration list for PBXProject "Youtube-IOS" */;
			compatibilityVersion = "Xcode 13.0";
			developmentRegion = en;
			hasScannedForEncodings = 0;
			knownRegions = (
				en,
				Base,
			);
			mainGroup = FCD2586427CED9E90021E664;
			productRefGroup = FCD2586E27CED9E90021E664 /* Products */;
			projectDirPath = "";
			projectRoot = "";
			targets = (
				FCD2586C27CED9E90021E664 /* Youtube-IOS */,
			);
		};
/* End PBXProject section */

/* Begin PBXResourcesBuildPhase section */
		FCD2586B27CED9E90021E664 /* Resources */ = {
			isa = PBXResourcesBuildPhase;
			buildActionMask = 2147483647;
			files = (
				FCD2587D27CED9EB0021E664 /* LaunchScreen.storyboard in Resources */,
				FCD2587A27CED9EB0021E664 /* Assets.xcassets in Resources */,
				FCD2587827CED9E90021E664 /* Main.storyboard in Resources */,
			);
			runOnlyForDeploymentPostprocessing = 0;
		};
/* End PBXResourcesBuildPhase section */

/* Begin PBXSourcesBuildPhase section */
		FCD2586927CED9E90021E664 /* Sources */ = {
			isa = PBXSourcesBuildPhase;
			buildActionMask = 2147483647;
			files = (
				FCD2587527CED9E90021E664 /* ViewController.swift in Sources */,
				FCD2587127CED9E90021E664 /* AppDelegate.swift in Sources */,
				FCD2587327CED9E90021E664 /* SceneDelegate.swift in Sources */,
				FCD2588927CF00E50021E664 /* Model.swift in Sources */,
				FCD2588527CEFBE40021E664 /* Constants.swift in Sources */,
				FCD2588727CEFE8C0021E664 /* Video.swift in Sources */,
				FCD2588B27CF423B0021E664 /* Response.swift in Sources */,
			);
			runOnlyForDeploymentPostprocessing = 0;
		};
/* End PBXSourcesBuildPhase section */

/* Begin PBXVariantGroup section */
		FCD2587627CED9E90021E664 /* Main.storyboard */ = {
			isa = PBXVariantGroup;
			children = (
				FCD2587727CED9E90021E664 /* Base */,
			);
			name = Main.storyboard;
			sourceTree = "<group>";
		};
		FCD2587B27CED9EB0021E664 /* LaunchScreen.storyboard */ = {
			isa = PBXVariantGroup;
			children = (
				FCD2587C27CED9EB0021E664 /* Base */,
			);
			name = LaunchScreen.storyboard;
			sourceTree = "<group>";
		};
/* End PBXVariantGroup section */

/* Begin XCBuildConfiguration section */
		FCD2587F27CED9EB0021E664 /* Debug */ = {
			isa = XCBuildConfiguration;
			buildSettings = {
				ALWAYS_SEARCH_USER_PATHS = NO;
				CLANG_ANALYZER_NONNULL = YES;
				CLANG_ANALYZER_NUMBER_OBJECT_CONVERSION = YES_AGGRESSIVE;
				CLANG_CXX_LANGUAGE_STANDARD = "gnu++17";
				CLANG_CXX_LIBRARY = "libc++";
				CLANG_ENABLE_MODULES = YES;
				CLANG_ENABLE_OBJC_ARC = YES;
				CLANG_ENABLE_OBJC_WEAK = YES;
				CLANG_WARN_BLOCK_CAPTURE_AUTORELEASING = YES;
				CLANG_WARN_BOOL_CONVERSION = YES;
				CLANG_WARN_COMMA = YES;
				CLANG_WARN_CONSTANT_CONVERSION = YES;
				CLANG_WARN_DEPRECATED_OBJC_IMPLEMENTATIONS = YES;
				CLANG_WARN_DIRECT_OBJC_ISA_USAGE = YES_ERROR;
				CLANG_WARN_DOCUMENTATION_COMMENTS = YES;
				CLANG_WARN_EMPTY_BODY = YES;
				CLANG_WARN_ENUM_CONVERSION = YES;
				CLANG_WARN_INFINITE_RECURSION = YES;
				CLANG_WARN_INT_CONVERSION = YES;
				CLANG_WARN_NON_LITERAL_NULL_CONVERSION = YES;
				CLANG_WARN_OBJC_IMPLICIT_RETAIN_SELF = YES;
				CLANG_WARN_OBJC_LITERAL_CONVERSION = YES;
				CLANG_WARN_OBJC_ROOT_CLASS = YES_ERROR;
				CLANG_WARN_QUOTED_INCLUDE_IN_FRAMEWORK_HEADER = YES;
				CLANG_WARN_RANGE_LOOP_ANALYSIS = YES;
				CLANG_WARN_STRICT_PROTOTYPES = YES;
				CLANG_WARN_SUSPICIOUS_MOVE = YES;
				CLANG_WARN_UNGUARDED_AVAILABILITY = YES_AGGRESSIVE;
				CLANG_WARN_UNREACHABLE_CODE = YES;
				CLANG_WARN__DUPLICATE_METHOD_MATCH = YES;
				COPY_PHASE_STRIP = NO;
				DEBUG_INFORMATION_FORMAT = dwarf;
				ENABLE_STRICT_OBJC_MSGSEND = YES;
				ENABLE_TESTABILITY = YES;
				GCC_C_LANGUAGE_STANDARD = gnu11;
				GCC_DYNAMIC_NO_PIC = NO;
				GCC_NO_COMMON_BLOCKS = YES;
				GCC_OPTIMIZATION_LEVEL = 0;
				GCC_PREPROCESSOR_DEFINITIONS = (
					"DEBUG=1",
					"$(inherited)",
				);
				GCC_WARN_64_TO_32_BIT_CONVERSION = YES;
				GCC_WARN_ABOUT_RETURN_TYPE = YES_ERROR;
				GCC_WARN_UNDECLARED_SELECTOR = YES;
				GCC_WARN_UNINITIALIZED_AUTOS = YES_AGGRESSIVE;
				GCC_WARN_UNUSED_FUNCTION = YES;
				GCC_WARN_UNUSED_VARIABLE = YES;
				IPHONEOS_DEPLOYMENT_TARGET = 15.2;
				MTL_ENABLE_DEBUG_INFO = INCLUDE_SOURCE;
				MTL_FAST_MATH = YES;
				ONLY_ACTIVE_ARCH = YES;
				SDKROOT = iphoneos;
				SWIFT_ACTIVE_COMPILATION_CONDITIONS = DEBUG;
				SWIFT_OPTIMIZATION_LEVEL = "-Onone";
			};
			name = Debug;
		};
		FCD2588027CED9EB0021E664 /* Release */ = {
			isa = XCBuildConfiguration;
			buildSettings = {
				ALWAYS_SEARCH_USER_PATHS = NO;
				CLANG_ANALYZER_NONNULL = YES;
				CLANG_ANALYZER_NUMBER_OBJECT_CONVERSION = YES_AGGRESSIVE;
				CLANG_CXX_LANGUAGE_STANDARD = "gnu++17";
				CLANG_CXX_LIBRARY = "libc++";
				CLANG_ENABLE_MODULES = YES;
				CLANG_ENABLE_OBJC_ARC = YES;
				CLANG_ENABLE_OBJC_WEAK = YES;
				CLANG_WARN_BLOCK_CAPTURE_AUTORELEASING = YES;
				CLANG_WARN_BOOL_CONVERSION = YES;
				CLANG_WARN_COMMA = YES;
				CLANG_WARN_CONSTANT_CONVERSION = YES;
				CLANG_WARN_DEPRECATED_OBJC_IMPLEMENTATIONS = YES;
				CLANG_WARN_DIRECT_OBJC_ISA_USAGE = YES_ERROR;
				CLANG_WARN_DOCUMENTATION_COMMENTS = YES;
				CLANG_WARN_EMPTY_BODY = YES;
				CLANG_WARN_ENUM_CONVERSION = YES;
				CLANG_WARN_INFINITE_RECURSION = YES;
				CLANG_WARN_INT_CONVERSION = YES;
				CLANG_WARN_NON_LITERAL_NULL_CONVERSION = YES;
				CLANG_WARN_OBJC_IMPLICIT_RETAIN_SELF = YES;
				CLANG_WARN_OBJC_LITERAL_CONVERSION = YES;
				CLANG_WARN_OBJC_ROOT_CLASS = YES_ERROR;
				CLANG_WARN_QUOTED_INCLUDE_IN_FRAMEWORK_HEADER = YES;
				CLANG_WARN_RANGE_LOOP_ANALYSIS = YES;
				CLANG_WARN_STRICT_PROTOTYPES = YES;
				CLANG_WARN_SUSPICIOUS_MOVE = YES;
				CLANG_WARN_UNGUARDED_AVAILABILITY = YES_AGGRESSIVE;
				CLANG_WARN_UNREACHABLE_CODE = YES;
				CLANG_WARN__DUPLICATE_METHOD_MATCH = YES;
				COPY_PHASE_STRIP = NO;
				DEBUG_INFORMATION_FORMAT = "dwarf-with-dsym";
				ENABLE_NS_ASSERTIONS = NO;
				ENABLE_STRICT_OBJC_MSGSEND = YES;
				GCC_C_LANGUAGE_STANDARD = gnu11;
				GCC_NO_COMMON_BLOCKS = YES;
				GCC_WARN_64_TO_32_BIT_CONVERSION = YES;
				GCC_WARN_ABOUT_RETURN_TYPE = YES_ERROR;
				GCC_WARN_UNDECLARED_SELECTOR = YES;
				GCC_WARN_UNINITIALIZED_AUTOS = YES_AGGRESSIVE;
				GCC_WARN_UNUSED_FUNCTION = YES;
				GCC_WARN_UNUSED_VARIABLE = YES;
				IPHONEOS_DEPLOYMENT_TARGET = 15.2;
				MTL_ENABLE_DEBUG_INFO = NO;
				MTL_FAST_MATH = YES;
				SDKROOT = iphoneos;
				SWIFT_COMPILATION_MODE = wholemodule;
				SWIFT_OPTIMIZATION_LEVEL = "-O";
				VALIDATE_PRODUCT = YES;
			};
			name = Release;
		};
		FCD2588227CED9EB0021E664 /* Debug */ = {
			isa = XCBuildConfiguration;
			buildSettings = {
				ASSETCATALOG_COMPILER_APPICON_NAME = AppIcon;
				ASSETCATALOG_COMPILER_GLOBAL_ACCENT_COLOR_NAME = AccentColor;
				CODE_SIGN_STYLE = Automatic;
				CURRENT_PROJECT_VERSION = 1;
				GENERATE_INFOPLIST_FILE = YES;
				INFOPLIST_FILE = "Youtube-IOS/Info.plist";
				INFOPLIST_KEY_UIApplicationSupportsIndirectInputEvents = YES;
				INFOPLIST_KEY_UILaunchStoryboardName = LaunchScreen;
				INFOPLIST_KEY_UIMainStoryboardFile = Main;
				INFOPLIST_KEY_UISupportedInterfaceOrientations_iPad = "UIInterfaceOrientationPortrait UIInterfaceOrientationPortraitUpsideDown UIInterfaceOrientationLandscapeLeft UIInterfaceOrientationLandscapeRight";
				INFOPLIST_KEY_UISupportedInterfaceOrientations_iPhone = "UIInterfaceOrientationPortrait UIInterfaceOrientationLandscapeLeft UIInterfaceOrientationLandscapeRight";
				LD_RUNPATH_SEARCH_PATHS = (
					"$(inherited)",
					"@executable_path/Frameworks",
				);
				MARKETING_VERSION = 1.0;
				PRODUCT_BUNDLE_IDENTIFIER = "io.github.lingnie.Youtube-IOS";
				PRODUCT_NAME = "$(TARGET_NAME)";
				SWIFT_EMIT_LOC_STRINGS = YES;
				SWIFT_VERSION = 5.0;
				TARGETED_DEVICE_FAMILY = "1,2";
			};
			name = Debug;
		};
		FCD2588327CED9EB0021E664 /* Release */ = {
			isa = XCBuildConfiguration;
			buildSettings = {
				ASSETCATALOG_COMPILER_APPICON_NAME = AppIcon;
				ASSETCATALOG_COMPILER_GLOBAL_ACCENT_COLOR_NAME = AccentColor;
				CODE_SIGN_STYLE = Automatic;
				CURRENT_PROJECT_VERSION = 1;
				GENERATE_INFOPLIST_FILE = YES;
				INFOPLIST_FILE = "Youtube-IOS/Info.plist";
				INFOPLIST_KEY_UIApplicationSupportsIndirectInputEvents = YES;
				INFOPLIST_KEY_UILaunchStoryboardName = LaunchScreen;
				INFOPLIST_KEY_UIMainStoryboardFile = Main;
				INFOPLIST_KEY_UISupportedInterfaceOrientations_iPad = "UIInterfaceOrientationPortrait UIInterfaceOrientationPortraitUpsideDown UIInterfaceOrientationLandscapeLeft UIInterfaceOrientationLandscapeRight";
				INFOPLIST_KEY_UISupportedInterfaceOrientations_iPhone = "UIInterfaceOrientationPortrait UIInterfaceOrientationLandscapeLeft UIInterfaceOrientationLandscapeRight";
				LD_RUNPATH_SEARCH_PATHS = (
					"$(inherited)",
					"@executable_path/Frameworks",
				);
				MARKETING_VERSION = 1.0;
				PRODUCT_BUNDLE_IDENTIFIER = "io.github.lingnie.Youtube-IOS";
				PRODUCT_NAME = "$(TARGET_NAME)";
				SWIFT_EMIT_LOC_STRINGS = YES;
				SWIFT_VERSION = 5.0;
				TARGETED_DEVICE_FAMILY = "1,2";
			};
			name = Release;
		};
/* End XCBuildConfiguration section */

/* Begin XCConfigurationList section */
		FCD2586827CED9E90021E664 /* Build configuration list for PBXProject "Youtube-IOS" */ = {
			isa = XCConfigurationList;
			buildConfigurations = (
				FCD2587F27CED9EB0021E664 /* Debug */,
				FCD2588027CED9EB0021E664 /* Release */,
			);
			defaultConfigurationIsVisible = 0;
			defaultConfigurationName = Release;
		};
		FCD2588127CED9EB0021E664 /* Build configuration list for PBXNativeTarget "Youtube-IOS" */ = {
			isa = XCConfigurationList;
			buildConfigurations = (
				FCD2588227CED9EB0021E664 /* Debug */,
				FCD2588327CED9EB0021E664 /* Release */,
			);
			defaultConfigurationIsVisible = 0;
			defaultConfigurationName = Release;
		};
/* End XCConfigurationList section */
	};
	rootObject = FCD2586527CED9E90021E664 /* Project object */;
}
